
Microsoft Visual Studio Solution File, Format Version 12.00
# Visual Studio 2013
VisualStudioVersion = 12.0.21005.1
MinimumVisualStudioVersion = 10.0.40219.1
Project("{FAE04EC0-301F-11D3-BF4B-00C04F79EFBC}") = "CashLoanShop.WebApp", "CashLoanShop\CashLoanShop.WebApp.csproj", "{C35BB5D6-E155-4C1D-9C88-C5590985BC05}"
EndProject
Project("{FAE04EC0-301F-11D3-BF4B-00C04F79EFBC}") = "CashLoanShop.DataModel", "CashLoanShop.DataModel\CashLoanShop.DataModel.csproj", "{0F6AE0EE-CBC4-4A84-8F18-8EB19C5C2758}"
EndProject
Project("{FAE04EC0-301F-11D3-BF4B-00C04F79EFBC}") = "CashLoanShop.DataAccess", "CashLoanShop.DataAccess\CashLoanShop.DataAccess.csproj", "{DCB50F6A-094B-4A23-A73C-898A06534962}"
EndProject
Project("{FAE04EC0-301F-11D3-BF4B-00C04F79EFBC}") = "CashLoanShop.Model", "CashLoanShop.Model\CashLoanShop.Model.csproj", "{D0A6A448-1660-46AC-A4F2-F2A6798B4F52}"
EndProject
Global
	GlobalSection(SolutionConfigurationPlatforms) = preSolution
		Debug|Any CPU = Debug|Any CPU
		Release|Any CPU = Release|Any CPU
	EndGlobalSection
	GlobalSection(ProjectConfigurationPlatforms) = postSolution
		{C35BB5D6-E155-4C1D-9C88-C5590985BC05}.Debug|Any CPU.ActiveCfg = Debug|Any CPU
		{C35BB5D6-E155-4C1D-9C88-C5590985BC05}.Debug|Any CPU.Build.0 = Debug|Any CPU
		{C35BB5D6-E155-4C1D-9C88-C5590985BC05}.Release|Any CPU.ActiveCfg = Release|Any CPU
		{C35BB5D6-E155-4C1D-9C88-C5590985BC05}.Release|Any CPU.Build.0 = Release|Any CPU
		{0F6AE0EE-CBC4-4A84-8F18-8EB19C5C2758}.Debug|Any CPU.ActiveCfg = Debug|Any CPU
		{0F6AE0EE-CBC4-4A84-8F18-8EB19C5C2758}.Debug|Any CPU.Build.0 = Debug|Any CPU
		{0F6AE0EE-CBC4-4A84-8F18-8EB19C5C2758}.Release|Any CPU.ActiveCfg = Release|Any CPU
		{0F6AE0EE-CBC4-4A84-8F18-8EB19C5C2758}.Release|Any CPU.Build.0 = Release|Any CPU
		{DCB50F6A-094B-4A23-A73C-898A06534962}.Debug|Any CPU.ActiveCfg = Debug|Any CPU
		{DCB50F6A-094B-4A23-A73C-898A06534962}.Debug|Any CPU.Build.0 = Debug|Any CPU
		{DCB50F6A-094B-4A23-A73C-898A06534962}.Release|Any CPU.ActiveCfg = Release|Any CPU
		{DCB50F6A-094B-4A23-A73C-898A06534962}.Release|Any CPU.Build.0 = Release|Any CPU
		{D0A6A448-1660-46AC-A4F2-F2A6798B4F52}.Debug|Any CPU.ActiveCfg = Debug|Any CPU
		{D0A6A448-1660-46AC-A4F2-F2A6798B4F52}.Debug|Any CPU.Build.0 = Debug|Any CPU
		{D0A6A448-1660-46AC-A4F2-F2A6798B4F52}.Release|Any CPU.ActiveCfg = Release|Any CPU
		{D0A6A448-1660-46AC-A4F2-F2A6798B4F52}.Release|Any CPU.Build.0 = Release|Any CPU
	EndGlobalSection
	GlobalSection(SolutionProperties) = preSolution
		HideSolutionNode = FALSE
	EndGlobalSection
EndGlobal
